{
  "name": "netlify-blobs",
  "version": "1.0.0",
  "lockfileVersion": 3,
  "requires": true,
  "packages": {
    "": {
      "name": "netlify-blobs",
      "version": "1.0.0",
      "license": "ISC",
      "dependencies": {
        "@netlify/blobs": "^6.3.1",
        "@netlify/edge-functions": "^2.2.0"
      }
    },
    "node_modules/@netlify/blobs": {
      "version": "6.3.1",
      "resolved": "https://registry.npmjs.org/@netlify/blobs/-/blobs-6.3.1.tgz",
      "integrity": "sha512-JjLz3WW7Wp6NVwQtDxPpWio4L3u9pnnDXnQ7Q16zgAFE9IA1rSjZVSsyOQrtkiBQIxaJ1Zr5eky8vrXJ5mdRWg==",
      "engines": {
        "node": "^14.16.0 || >=16.0.0"
      }
    },
    "node_modules/@netlify/edge-functions": {
      "version": "2.2.0",
      "resolved": "https://registry.npmjs.org/@netlify/edge-functions/-/edge-functions-2.2.0.tgz",
      "integrity": "sha512-8UeKA2nUDB0oWE+Z0gLpA7wpLq8nM+NrZEQMfSdzfMJNvmYVabil/mS07rb0EBrUxM9PCKidKenaiCRnPTBSKw=="
    }
  }
}
