# THIS IS AN AUTOGENERATED FILE. DO NOT EDIT THIS FILE DIRECTLY.
# yarn lockfile v1


"@netlify/blobs@^6.3.1":
  version "6.3.1"
  resolved "https://registry.yarnpkg.com/@netlify/blobs/-/blobs-6.3.1.tgz#9ed1fd788ef3f23d749487830fc557504ca447c1"
  integrity sha512-JjLz3WW7Wp6NVwQtDxPpWio4L3u9pnnDXnQ7Q16zgAFE9IA1rSjZVSsyOQrtkiBQIxaJ1Zr5eky8vrXJ5mdRWg==

"@netlify/edge-functions@^2.2.0":
  version "2.2.0"
  resolved "https://registry.yarnpkg.com/@netlify/edge-functions/-/edge-functions-2.2.0.tgz#5f7f5c7602a7f98888a4b4421576ca609dad2083"
  integrity sha512-8UeKA2nUDB0oWE+Z0gLpA7wpLq8nM+NrZEQMfSdzfMJNvmYVabil/mS07rb0EBrUxM9PCKidKenaiCRnPTBSKw==
